
Microsoft Visual Studio Solution File, Format Version 12.00
# Visual Studio 15
VisualStudioVersion = 15.0.26730.12
MinimumVisualStudioVersion = 10.0.40219.1
Project("{FAE04EC0-301F-11D3-BF4B-00C04F79EFBC}") = "bouncing ball", "bouncing ball\bouncing ball.csproj", "{C01737DB-E894-4185-BA15-70E065E1CE70}"
EndProject
Global
	GlobalSection(SolutionConfigurationPlatforms) = preSolution
		Debug|Any CPU = Debug|Any CPU
		Release|Any CPU = Release|Any CPU
	EndGlobalSection
	GlobalSection(ProjectConfigurationPlatforms) = postSolution
		{C01737DB-E894-4185-BA15-70E065E1CE70}.Debug|Any CPU.ActiveCfg = Debug|Any CPU
		{C01737DB-E894-4185-BA15-70E065E1CE70}.Debug|Any CPU.Build.0 = Debug|Any CPU
		{C01737DB-E894-4185-BA15-70E065E1CE70}.Release|Any CPU.ActiveCfg = Release|Any CPU
		{C01737DB-E894-4185-BA15-70E065E1CE70}.Release|Any CPU.Build.0 = Release|Any CPU
	EndGlobalSection
	GlobalSection(SolutionProperties) = preSolution
		HideSolutionNode = FALSE
	EndGlobalSection
	GlobalSection(ExtensibilityGlobals) = postSolution
		SolutionGuid = {F5286A0A-6D9F-41E1-8C29-E254B0762B5A}
	EndGlobalSection
EndGlobal
